
Microsoft Visual Studio Solution File, Format Version 12.00
# Visual Studio Version 17
VisualStudioVersion = 17.0.31912.275
MinimumVisualStudioVersion = 10.0.40219.1
Project("{FAE04EC0-301F-11D3-BF4B-00C04F79EFBC}") = "TangyWeb_Server", "TangyWeb_Server\TangyWeb_Server.csproj", "{F20F8B83-5101-479A-9907-187895758B09}"
EndProject
Global
	GlobalSection(SolutionConfigurationPlatforms) = preSolution
		Debug|Any CPU = Debug|Any CPU
		Release|Any CPU = Release|Any CPU
	EndGlobalSection
	GlobalSection(ProjectConfigurationPlatforms) = postSolution
		{F20F8B83-5101-479A-9907-187895758B09}.Debug|Any CPU.ActiveCfg = Debug|Any CPU
		{F20F8B83-5101-479A-9907-187895758B09}.Debug|Any CPU.Build.0 = Debug|Any CPU
		{F20F8B83-5101-479A-9907-187895758B09}.Release|Any CPU.ActiveCfg = Release|Any CPU
		{F20F8B83-5101-479A-9907-187895758B09}.Release|Any CPU.Build.0 = Release|Any CPU
	EndGlobalSection
	GlobalSection(SolutionProperties) = preSolution
		HideSolutionNode = FALSE
	EndGlobalSection
	GlobalSection(ExtensibilityGlobals) = postSolution
		SolutionGuid = {C999CE65-BA71-413C-831C-DFCA97F4D570}
	EndGlobalSection
EndGlobal
